
Microsoft Visual Studio Solution File, Format Version 12.00
# Visual Studio Version 17
VisualStudioVersion = 17.5.33502.453
MinimumVisualStudioVersion = 10.0.40219.1
Project("{FAE04EC0-301F-11D3-BF4B-00C04F79EFBC}") = "CreatingAndOutputtingVariables_ConsoleApp", "CreatingAndOutputtingVariables_ConsoleApp\CreatingAndOutputtingVariables_ConsoleApp.csproj", "{B9758AA9-4476-48FA-9F69-37052529E1CC}"
EndProject
Global
	GlobalSection(SolutionConfigurationPlatforms) = preSolution
		Debug|Any CPU = Debug|Any CPU
		Release|Any CPU = Release|Any CPU
	EndGlobalSection
	GlobalSection(ProjectConfigurationPlatforms) = postSolution
		{B9758AA9-4476-48FA-9F69-37052529E1CC}.Debug|Any CPU.ActiveCfg = Debug|Any CPU
		{B9758AA9-4476-48FA-9F69-37052529E1CC}.Debug|Any CPU.Build.0 = Debug|Any CPU
		{B9758AA9-4476-48FA-9F69-37052529E1CC}.Release|Any CPU.ActiveCfg = Release|Any CPU
		{B9758AA9-4476-48FA-9F69-37052529E1CC}.Release|Any CPU.Build.0 = Release|Any CPU
	EndGlobalSection
	GlobalSection(SolutionProperties) = preSolution
		HideSolutionNode = FALSE
	EndGlobalSection
	GlobalSection(ExtensibilityGlobals) = postSolution
		SolutionGuid = {56869FA4-7DA9-43DE-AAFE-3E76A53A3C36}
	EndGlobalSection
EndGlobal
